
Microsoft Visual Studio Solution File, Format Version 12.00
# Visual Studio Version 17
VisualStudioVersion = 17.7.34024.191
MinimumVisualStudioVersion = 10.0.40219.1
Project("{FAE04EC0-301F-11D3-BF4B-00C04F79EFBC}") = "masterdetailsCore", "MasterDetailsCore\masterdetailsCore.csproj", "{8810067A-8974-4989-8F35-4A4299B755FB}"
EndProject
Global
	GlobalSection(SolutionConfigurationPlatforms) = preSolution
		Debug|Any CPU = Debug|Any CPU
		Release|Any CPU = Release|Any CPU
	EndGlobalSection
	GlobalSection(ProjectConfigurationPlatforms) = postSolution
		{8810067A-8974-4989-8F35-4A4299B755FB}.Debug|Any CPU.ActiveCfg = Debug|Any CPU
		{8810067A-8974-4989-8F35-4A4299B755FB}.Debug|Any CPU.Build.0 = Debug|Any CPU
		{8810067A-8974-4989-8F35-4A4299B755FB}.Release|Any CPU.ActiveCfg = Release|Any CPU
		{8810067A-8974-4989-8F35-4A4299B755FB}.Release|Any CPU.Build.0 = Release|Any CPU
	EndGlobalSection
	GlobalSection(SolutionProperties) = preSolution
		HideSolutionNode = FALSE
	EndGlobalSection
	GlobalSection(ExtensibilityGlobals) = postSolution
		SolutionGuid = {6A2FF61C-DD4B-4087-A645-7498F949B325}
	EndGlobalSection
EndGlobal
